// !$*UTF8*$!
{
	archiveVersion = 1;
	classes = {
	};
	objectVersion = 56;
	objects = {

/* Begin PBXBuildFile section */
		C8094D782C254700002EA6CA /* FooditApp.swift in Sources */ = {isa = PBXBuildFile; fileRef = C8094D772C254700002EA6CA /* FooditApp.swift */; };
		C8094D7A2C254700002EA6CA /* MainMapView.swift in Sources */ = {isa = PBXBuildFile; fileRef = C8094D792C254700002EA6CA /* MainMapView.swift */; };
		C8094D7C2C254701002EA6CA /* Assets.xcassets in Resources */ = {isa = PBXBuildFile; fileRef = C8094D7B2C254701002EA6CA /* Assets.xcassets */; };
		C8094D7F2C254701002EA6CA /* Preview Assets.xcassets in Resources */ = {isa = PBXBuildFile; fileRef = C8094D7E2C254701002EA6CA /* Preview Assets.xcassets */; };
		C8094D8B2C254BCE002EA6CA /* NaverMap.swift in Sources */ = {isa = PBXBuildFile; fileRef = C8094D8A2C254BCE002EA6CA /* NaverMap.swift */; };
		C86D87B02C25C3E0004FAD72 /* MainTabView.swift in Sources */ = {isa = PBXBuildFile; fileRef = C86D87AF2C25C3E0004FAD72 /* MainTabView.swift */; };
		C86D87B32C25C44F004FAD72 /* PostView.swift in Sources */ = {isa = PBXBuildFile; fileRef = C86D87B22C25C44F004FAD72 /* PostView.swift */; };
		C86D87B52C25C659004FAD72 /* Post.swift in Sources */ = {isa = PBXBuildFile; fileRef = C86D87B42C25C659004FAD72 /* Post.swift */; };
		C8963FC12C26BD3A0074F770 /* ModalPopup.swift in Sources */ = {isa = PBXBuildFile; fileRef = C8963FC02C26BD3A0074F770 /* ModalPopup.swift */; };
		C8963FC32C26BE290074F770 /* PostQuery.swift in Sources */ = {isa = PBXBuildFile; fileRef = C8963FC22C26BE290074F770 /* PostQuery.swift */; };
		C8A4FC292C254D7800264667 /* Coordinator.swift in Sources */ = {isa = PBXBuildFile; fileRef = C8A4FC282C254D7800264667 /* Coordinator.swift */; };
		C8A4FC2B2C25505500264667 /* FireStoreManager.swift in Sources */ = {isa = PBXBuildFile; fileRef = C8A4FC2A2C25505500264667 /* FireStoreManager.swift */; };
		C8A4FC332C25831600264667 /* UserSearchQuery.swift in Sources */ = {isa = PBXBuildFile; fileRef = C8A4FC322C25831600264667 /* UserSearchQuery.swift */; };
		C8A4FC352C25832C00264667 /* LatLng.swift in Sources */ = {isa = PBXBuildFile; fileRef = C8A4FC342C25832C00264667 /* LatLng.swift */; };
		EE313114444929A7B8897563 /* Pods_Foodit.framework in Frameworks */ = {isa = PBXBuildFile; fileRef = C97B23CF87E886E04B2E29A4 /* Pods_Foodit.framework */; };
/* End PBXBuildFile section */

/* Begin PBXFileReference section */
		05EA38F373861FDFA3AB8787 /* Pods-Foodit.release.xcconfig */ = {isa = PBXFileReference; includeInIndex = 1; lastKnownFileType = text.xcconfig; name = "Pods-Foodit.release.xcconfig"; path = "Target Support Files/Pods-Foodit/Pods-Foodit.release.xcconfig"; sourceTree = "<group>"; };
		971BFBB105751CFEF3C55750 /* Pods-Foodit.debug.xcconfig */ = {isa = PBXFileReference; includeInIndex = 1; lastKnownFileType = text.xcconfig; name = "Pods-Foodit.debug.xcconfig"; path = "Target Support Files/Pods-Foodit/Pods-Foodit.debug.xcconfig"; sourceTree = "<group>"; };
		C8094D742C254700002EA6CA /* Foodit.app */ = {isa = PBXFileReference; explicitFileType = wrapper.application; includeInIndex = 0; path = Foodit.app; sourceTree = BUILT_PRODUCTS_DIR; };
		C8094D772C254700002EA6CA /* FooditApp.swift */ = {isa = PBXFileReference; lastKnownFileType = sourcecode.swift; path = FooditApp.swift; sourceTree = "<group>"; };
		C8094D792C254700002EA6CA /* MainMapView.swift */ = {isa = PBXFileReference; lastKnownFileType = sourcecode.swift; path = MainMapView.swift; sourceTree = "<group>"; };
		C8094D7B2C254701002EA6CA /* Assets.xcassets */ = {isa = PBXFileReference; lastKnownFileType = folder.assetcatalog; path = Assets.xcassets; sourceTree = "<group>"; };
		C8094D7E2C254701002EA6CA /* Preview Assets.xcassets */ = {isa = PBXFileReference; lastKnownFileType = folder.assetcatalog; path = "Preview Assets.xcassets"; sourceTree = "<group>"; };
		C8094D882C254801002EA6CA /* Info.plist */ = {isa = PBXFileReference; lastKnownFileType = text.plist; path = Info.plist; sourceTree = "<group>"; };
		C8094D8A2C254BCE002EA6CA /* NaverMap.swift */ = {isa = PBXFileReference; lastKnownFileType = sourcecode.swift; path = NaverMap.swift; sourceTree = "<group>"; };
		C86D87AF2C25C3E0004FAD72 /* MainTabView.swift */ = {isa = PBXFileReference; lastKnownFileType = sourcecode.swift; path = MainTabView.swift; sourceTree = "<group>"; };
		C86D87B22C25C44F004FAD72 /* PostView.swift */ = {isa = PBXFileReference; lastKnownFileType = sourcecode.swift; path = PostView.swift; sourceTree = "<group>"; };
		C86D87B42C25C659004FAD72 /* Post.swift */ = {isa = PBXFileReference; lastKnownFileType = sourcecode.swift; path = Post.swift; sourceTree = "<group>"; };
		C8963FC02C26BD3A0074F770 /* ModalPopup.swift */ = {isa = PBXFileReference; lastKnownFileType = sourcecode.swift; path = ModalPopup.swift; sourceTree = "<group>"; };
		C8963FC22C26BE290074F770 /* PostQuery.swift */ = {isa = PBXFileReference; lastKnownFileType = sourcecode.swift; path = PostQuery.swift; sourceTree = "<group>"; };
		C8A4FC282C254D7800264667 /* Coordinator.swift */ = {isa = PBXFileReference; lastKnownFileType = sourcecode.swift; path = Coordinator.swift; sourceTree = "<group>"; };
		C8A4FC2A2C25505500264667 /* FireStoreManager.swift */ = {isa = PBXFileReference; lastKnownFileType = sourcecode.swift; path = FireStoreManager.swift; sourceTree = "<group>"; };
		C8A4FC322C25831600264667 /* UserSearchQuery.swift */ = {isa = PBXFileReference; lastKnownFileType = sourcecode.swift; path = UserSearchQuery.swift; sourceTree = "<group>"; };
		C8A4FC342C25832C00264667 /* LatLng.swift */ = {isa = PBXFileReference; lastKnownFileType = sourcecode.swift; path = LatLng.swift; sourceTree = "<group>"; };
		C97B23CF87E886E04B2E29A4 /* Pods_Foodit.framework */ = {isa = PBXFileReference; explicitFileType = wrapper.framework; includeInIndex = 0; path = Pods_Foodit.framework; sourceTree = BUILT_PRODUCTS_DIR; };
/* End PBXFileReference section */

/* Begin PBXFrameworksBuildPhase section */
		C8094D712C254700002EA6CA /* Frameworks */ = {
			isa = PBXFrameworksBuildPhase;
			buildActionMask = 2147483647;
			files = (
				EE313114444929A7B8897563 /* Pods_Foodit.framework in Frameworks */,
			);
			runOnlyForDeploymentPostprocessing = 0;
		};
/* End PBXFrameworksBuildPhase section */

/* Begin PBXGroup section */
		4EBC681A01395328A1B152E1 /* Frameworks */ = {
			isa = PBXGroup;
			children = (
				C97B23CF87E886E04B2E29A4 /* Pods_Foodit.framework */,
			);
			name = Frameworks;
			sourceTree = "<group>";
		};
		80DF3D009D059773C89342A0 /* Pods */ = {
			isa = PBXGroup;
			children = (
				971BFBB105751CFEF3C55750 /* Pods-Foodit.debug.xcconfig */,
				05EA38F373861FDFA3AB8787 /* Pods-Foodit.release.xcconfig */,
			);
			path = Pods;
			sourceTree = "<group>";
		};
		C8094D6B2C254700002EA6CA = {
			isa = PBXGroup;
			children = (
				C8094D762C254700002EA6CA /* Foodit */,
				C8094D752C254700002EA6CA /* Products */,
				80DF3D009D059773C89342A0 /* Pods */,
				4EBC681A01395328A1B152E1 /* Frameworks */,
			);
			sourceTree = "<group>";
		};
		C8094D752C254700002EA6CA /* Products */ = {
			isa = PBXGroup;
			children = (
				C8094D742C254700002EA6CA /* Foodit.app */,
			);
			name = Products;
			sourceTree = "<group>";
		};
		C8094D762C254700002EA6CA /* Foodit */ = {
			isa = PBXGroup;
			children = (
				C8094D882C254801002EA6CA /* Info.plist */,
				C8094D872C25474A002EA6CA /* View */,
				C8094D862C254747002EA6CA /* Model */,
				C8094D852C254744002EA6CA /* VM */,
				C8094D772C254700002EA6CA /* FooditApp.swift */,
				C8094D7B2C254701002EA6CA /* Assets.xcassets */,
				C8094D7D2C254701002EA6CA /* Preview Content */,
			);
			path = Foodit;
			sourceTree = "<group>";
		};
		C8094D7D2C254701002EA6CA /* Preview Content */ = {
			isa = PBXGroup;
			children = (
				C8094D7E2C254701002EA6CA /* Preview Assets.xcassets */,
			);
			path = "Preview Content";
			sourceTree = "<group>";
		};
		C8094D852C254744002EA6CA /* VM */ = {
			isa = PBXGroup;
			children = (
				C8963FC42C26CFFE0074F770 /* Map */,
				C8A4FC322C25831600264667 /* UserSearchQuery.swift */,
				C8963FC22C26BE290074F770 /* PostQuery.swift */,
			);
			path = VM;
			sourceTree = "<group>";
		};
		C8094D862C254747002EA6CA /* Model */ = {
			isa = PBXGroup;
			children = (
				C8A4FC342C25832C00264667 /* LatLng.swift */,
				C86D87B42C25C659004FAD72 /* Post.swift */,
			);
			path = Model;
			sourceTree = "<group>";
		};
		C8094D872C25474A002EA6CA /* View */ = {
			isa = PBXGroup;
			children = (
				C86D87B12C25C447004FAD72 /* Post */,
				C86D87AC2C25C3B5004FAD72 /* Tab */,
				C8094D892C254BC9002EA6CA /* Map */,
			);
			path = View;
			sourceTree = "<group>";
		};
		C8094D892C254BC9002EA6CA /* Map */ = {
			isa = PBXGroup;
			children = (
				C8094D792C254700002EA6CA /* MainMapView.swift */,
			);
			path = Map;
			sourceTree = "<group>";
		};
		C86D87AC2C25C3B5004FAD72 /* Tab */ = {
			isa = PBXGroup;
			children = (
				C86D87AF2C25C3E0004FAD72 /* MainTabView.swift */,
			);
			path = Tab;
			sourceTree = "<group>";
		};
		C86D87B12C25C447004FAD72 /* Post */ = {
			isa = PBXGroup;
			children = (
				C86D87B22C25C44F004FAD72 /* PostView.swift */,
				C8963FC02C26BD3A0074F770 /* ModalPopup.swift */,
			);
			path = Post;
			sourceTree = "<group>";
		};
		C8963FC42C26CFFE0074F770 /* Map */ = {
			isa = PBXGroup;
			children = (
				C8094D8A2C254BCE002EA6CA /* NaverMap.swift */,
				C8A4FC282C254D7800264667 /* Coordinator.swift */,
				C8A4FC2A2C25505500264667 /* FireStoreManager.swift */,
			);
			path = Map;
			sourceTree = "<group>";
		};
/* End PBXGroup section */

/* Begin PBXNativeTarget section */
		C8094D732C254700002EA6CA /* Foodit */ = {
			isa = PBXNativeTarget;
			buildConfigurationList = C8094D822C254701002EA6CA /* Build configuration list for PBXNativeTarget "Foodit" */;
			buildPhases = (
				68EA48FD2F07F14C82EC09F4 /* [CP] Check Pods Manifest.lock */,
				C8094D702C254700002EA6CA /* Sources */,
				C8094D712C254700002EA6CA /* Frameworks */,
				C8094D722C254700002EA6CA /* Resources */,
				08CC9C3365E9D69D3C994B94 /* [CP] Embed Pods Frameworks */,
			);
			buildRules = (
			);
			dependencies = (
			);
			name = Foodit;
			productName = Foodit;
			productReference = C8094D742C254700002EA6CA /* Foodit.app */;
			productType = "com.apple.product-type.application";
		};
/* End PBXNativeTarget section */

/* Begin PBXProject section */
		C8094D6C2C254700002EA6CA /* Project object */ = {
			isa = PBXProject;
			attributes = {
				BuildIndependentTargetsInParallel = 1;
				LastSwiftUpdateCheck = 1540;
				LastUpgradeCheck = 1540;
				TargetAttributes = {
					C8094D732C254700002EA6CA = {
						CreatedOnToolsVersion = 15.4;
					};
				};
			};
			buildConfigurationList = C8094D6F2C254700002EA6CA /* Build configuration list for PBXProject "Foodit" */;
			compatibilityVersion = "Xcode 14.0";
			developmentRegion = ko;
			hasScannedForEncodings = 0;
			knownRegions = (
				en,
				Base,
				ko,
			);
			mainGroup = C8094D6B2C254700002EA6CA;
			productRefGroup = C8094D752C254700002EA6CA /* Products */;
			projectDirPath = "";
			projectRoot = "";
			targets = (
				C8094D732C254700002EA6CA /* Foodit */,
			);
		};
/* End PBXProject section */

/* Begin PBXResourcesBuildPhase section */
		C8094D722C254700002EA6CA /* Resources */ = {
			isa = PBXResourcesBuildPhase;
			buildActionMask = 2147483647;
			files = (
				C8094D7F2C254701002EA6CA /* Preview Assets.xcassets in Resources */,
				C8094D7C2C254701002EA6CA /* Assets.xcassets in Resources */,
			);
			runOnlyForDeploymentPostprocessing = 0;
		};
/* End PBXResourcesBuildPhase section */

/* Begin PBXShellScriptBuildPhase section */
		08CC9C3365E9D69D3C994B94 /* [CP] Embed Pods Frameworks */ = {
			isa = PBXShellScriptBuildPhase;
			buildActionMask = 2147483647;
			files = (
			);
			inputFileListPaths = (
				"${PODS_ROOT}/Target Support Files/Pods-Foodit/Pods-Foodit-frameworks-${CONFIGURATION}-input-files.xcfilelist",
			);
			name = "[CP] Embed Pods Frameworks";
			outputFileListPaths = (
				"${PODS_ROOT}/Target Support Files/Pods-Foodit/Pods-Foodit-frameworks-${CONFIGURATION}-output-files.xcfilelist",
			);
			runOnlyForDeploymentPostprocessing = 0;
			shellPath = /bin/sh;
			shellScript = "\"${PODS_ROOT}/Target Support Files/Pods-Foodit/Pods-Foodit-frameworks.sh\"\n";
			showEnvVarsInLog = 0;
		};
		68EA48FD2F07F14C82EC09F4 /* [CP] Check Pods Manifest.lock */ = {
			isa = PBXShellScriptBuildPhase;
			buildActionMask = 2147483647;
			files = (
			);
			inputFileListPaths = (
			);
			inputPaths = (
				"${PODS_PODFILE_DIR_PATH}/Podfile.lock",
				"${PODS_ROOT}/Manifest.lock",
			);
			name = "[CP] Check Pods Manifest.lock";
			outputFileListPaths = (
			);
			outputPaths = (
				"$(DERIVED_FILE_DIR)/Pods-Foodit-checkManifestLockResult.txt",
			);
			runOnlyForDeploymentPostprocessing = 0;
			shellPath = /bin/sh;
			shellScript = "diff \"${PODS_PODFILE_DIR_PATH}/Podfile.lock\" \"${PODS_ROOT}/Manifest.lock\" > /dev/null\nif [ $? != 0 ] ; then\n    # print error to STDERR\n    echo \"error: The sandbox is not in sync with the Podfile.lock. Run 'pod install' or update your CocoaPods installation.\" >&2\n    exit 1\nfi\n# This output is used by Xcode 'outputs' to avoid re-running this script phase.\necho \"SUCCESS\" > \"${SCRIPT_OUTPUT_FILE_0}\"\n";
			showEnvVarsInLog = 0;
		};
/* End PBXShellScriptBuildPhase section */

/* Begin PBXSourcesBuildPhase section */
		C8094D702C254700002EA6CA /* Sources */ = {
			isa = PBXSourcesBuildPhase;
			buildActionMask = 2147483647;
			files = (
				C8A4FC352C25832C00264667 /* LatLng.swift in Sources */,
				C8A4FC292C254D7800264667 /* Coordinator.swift in Sources */,
				C8094D7A2C254700002EA6CA /* MainMapView.swift in Sources */,
				C86D87B02C25C3E0004FAD72 /* MainTabView.swift in Sources */,
				C8094D782C254700002EA6CA /* FooditApp.swift in Sources */,
				C86D87B32C25C44F004FAD72 /* PostView.swift in Sources */,
				C8A4FC2B2C25505500264667 /* FireStoreManager.swift in Sources */,
				C86D87B52C25C659004FAD72 /* Post.swift in Sources */,
				C8094D8B2C254BCE002EA6CA /* NaverMap.swift in Sources */,
				C8A4FC332C25831600264667 /* UserSearchQuery.swift in Sources */,
				C8963FC32C26BE290074F770 /* PostQuery.swift in Sources */,
				C8963FC12C26BD3A0074F770 /* ModalPopup.swift in Sources */,
			);
			runOnlyForDeploymentPostprocessing = 0;
		};
/* End PBXSourcesBuildPhase section */

/* Begin XCBuildConfiguration section */
		C8094D802C254701002EA6CA /* Debug */ = {
			isa = XCBuildConfiguration;
			buildSettings = {
				ALWAYS_SEARCH_USER_PATHS = NO;
				ASSETCATALOG_COMPILER_GENERATE_SWIFT_ASSET_SYMBOL_EXTENSIONS = YES;
				CLANG_ANALYZER_NONNULL = YES;
				CLANG_ANALYZER_NUMBER_OBJECT_CONVERSION = YES_AGGRESSIVE;
				CLANG_CXX_LANGUAGE_STANDARD = "gnu++20";
				CLANG_ENABLE_MODULES = YES;
				CLANG_ENABLE_OBJC_ARC = YES;
				CLANG_ENABLE_OBJC_WEAK = YES;
				CLANG_WARN_BLOCK_CAPTURE_AUTORELEASING = YES;
				CLANG_WARN_BOOL_CONVERSION = YES;
				CLANG_WARN_COMMA = YES;
				CLANG_WARN_CONSTANT_CONVERSION = YES;
				CLANG_WARN_DEPRECATED_OBJC_IMPLEMENTATIONS = YES;
				CLANG_WARN_DIRECT_OBJC_ISA_USAGE = YES_ERROR;
				CLANG_WARN_DOCUMENTATION_COMMENTS = YES;
				CLANG_WARN_EMPTY_BODY = YES;
				CLANG_WARN_ENUM_CONVERSION = YES;
				CLANG_WARN_INFINITE_RECURSION = YES;
				CLANG_WARN_INT_CONVERSION = YES;
				CLANG_WARN_NON_LITERAL_NULL_CONVERSION = YES;
				CLANG_WARN_OBJC_IMPLICIT_RETAIN_SELF = YES;
				CLANG_WARN_OBJC_LITERAL_CONVERSION = YES;
				CLANG_WARN_OBJC_ROOT_CLASS = YES_ERROR;
				CLANG_WARN_QUOTED_INCLUDE_IN_FRAMEWORK_HEADER = YES;
				CLANG_WARN_RANGE_LOOP_ANALYSIS = YES;
				CLANG_WARN_STRICT_PROTOTYPES = YES;
				CLANG_WARN_SUSPICIOUS_MOVE = YES;
				CLANG_WARN_UNGUARDED_AVAILABILITY = YES_AGGRESSIVE;
				CLANG_WARN_UNREACHABLE_CODE = YES;
				CLANG_WARN__DUPLICATE_METHOD_MATCH = YES;
				COPY_PHASE_STRIP = NO;
				DEBUG_INFORMATION_FORMAT = dwarf;
				ENABLE_STRICT_OBJC_MSGSEND = YES;
				ENABLE_TESTABILITY = YES;
				ENABLE_USER_SCRIPT_SANDBOXING = NO;
				GCC_C_LANGUAGE_STANDARD = gnu17;
				GCC_DYNAMIC_NO_PIC = NO;
				GCC_NO_COMMON_BLOCKS = YES;
				GCC_OPTIMIZATION_LEVEL = 0;
				GCC_PREPROCESSOR_DEFINITIONS = (
					"DEBUG=1",
					"$(inherited)",
				);
				GCC_WARN_64_TO_32_BIT_CONVERSION = YES;
				GCC_WARN_ABOUT_RETURN_TYPE = YES_ERROR;
				GCC_WARN_UNDECLARED_SELECTOR = YES;
				GCC_WARN_UNINITIALIZED_AUTOS = YES_AGGRESSIVE;
				GCC_WARN_UNUSED_FUNCTION = YES;
				GCC_WARN_UNUSED_VARIABLE = YES;
				IPHONEOS_DEPLOYMENT_TARGET = 17.5;
				LOCALIZATION_PREFERS_STRING_CATALOGS = YES;
				MTL_ENABLE_DEBUG_INFO = INCLUDE_SOURCE;
				MTL_FAST_MATH = YES;
				ONLY_ACTIVE_ARCH = YES;
				SDKROOT = iphoneos;
				SWIFT_ACTIVE_COMPILATION_CONDITIONS = "DEBUG $(inherited)";
				SWIFT_OPTIMIZATION_LEVEL = "-Onone";
			};
			name = Debug;
		};
		C8094D812C254701002EA6CA /* Release */ = {
			isa = XCBuildConfiguration;
			buildSettings = {
				ALWAYS_SEARCH_USER_PATHS = NO;
				ASSETCATALOG_COMPILER_GENERATE_SWIFT_ASSET_SYMBOL_EXTENSIONS = YES;
				CLANG_ANALYZER_NONNULL = YES;
				CLANG_ANALYZER_NUMBER_OBJECT_CONVERSION = YES_AGGRESSIVE;
				CLANG_CXX_LANGUAGE_STANDARD = "gnu++20";
				CLANG_ENABLE_MODULES = YES;
				CLANG_ENABLE_OBJC_ARC = YES;
				CLANG_ENABLE_OBJC_WEAK = YES;
				CLANG_WARN_BLOCK_CAPTURE_AUTORELEASING = YES;
				CLANG_WARN_BOOL_CONVERSION = YES;
				CLANG_WARN_COMMA = YES;
				CLANG_WARN_CONSTANT_CONVERSION = YES;
				CLANG_WARN_DEPRECATED_OBJC_IMPLEMENTATIONS = YES;
				CLANG_WARN_DIRECT_OBJC_ISA_USAGE = YES_ERROR;
				CLANG_WARN_DOCUMENTATION_COMMENTS = YES;
				CLANG_WARN_EMPTY_BODY = YES;
				CLANG_WARN_ENUM_CONVERSION = YES;
				CLANG_WARN_INFINITE_RECURSION = YES;
				CLANG_WARN_INT_CONVERSION = YES;
				CLANG_WARN_NON_LITERAL_NULL_CONVERSION = YES;
				CLANG_WARN_OBJC_IMPLICIT_RETAIN_SELF = YES;
				CLANG_WARN_OBJC_LITERAL_CONVERSION = YES;
				CLANG_WARN_OBJC_ROOT_CLASS = YES_ERROR;
				CLANG_WARN_QUOTED_INCLUDE_IN_FRAMEWORK_HEADER = YES;
				CLANG_WARN_RANGE_LOOP_ANALYSIS = YES;
				CLANG_WARN_STRICT_PROTOTYPES = YES;
				CLANG_WARN_SUSPICIOUS_MOVE = YES;
				CLANG_WARN_UNGUARDED_AVAILABILITY = YES_AGGRESSIVE;
				CLANG_WARN_UNREACHABLE_CODE = YES;
				CLANG_WARN__DUPLICATE_METHOD_MATCH = YES;
				COPY_PHASE_STRIP = NO;
				DEBUG_INFORMATION_FORMAT = "dwarf-with-dsym";
				ENABLE_NS_ASSERTIONS = NO;
				ENABLE_STRICT_OBJC_MSGSEND = YES;
				ENABLE_USER_SCRIPT_SANDBOXING = NO;
				GCC_C_LANGUAGE_STANDARD = gnu17;
				GCC_NO_COMMON_BLOCKS = YES;
				GCC_WARN_64_TO_32_BIT_CONVERSION = YES;
				GCC_WARN_ABOUT_RETURN_TYPE = YES_ERROR;
				GCC_WARN_UNDECLARED_SELECTOR = YES;
				GCC_WARN_UNINITIALIZED_AUTOS = YES_AGGRESSIVE;
				GCC_WARN_UNUSED_FUNCTION = YES;
				GCC_WARN_UNUSED_VARIABLE = YES;
				IPHONEOS_DEPLOYMENT_TARGET = 17.5;
				LOCALIZATION_PREFERS_STRING_CATALOGS = YES;
				MTL_ENABLE_DEBUG_INFO = NO;
				MTL_FAST_MATH = YES;
				SDKROOT = iphoneos;
				SWIFT_COMPILATION_MODE = wholemodule;
				VALIDATE_PRODUCT = YES;
			};
			name = Release;
		};
		C8094D832C254701002EA6CA /* Debug */ = {
			isa = XCBuildConfiguration;
			baseConfigurationReference = 971BFBB105751CFEF3C55750 /* Pods-Foodit.debug.xcconfig */;
			buildSettings = {
				ASSETCATALOG_COMPILER_APPICON_NAME = AppIcon;
				ASSETCATALOG_COMPILER_GLOBAL_ACCENT_COLOR_NAME = AccentColor;
				CODE_SIGN_STYLE = Automatic;
				CURRENT_PROJECT_VERSION = 1;
				DEVELOPMENT_ASSET_PATHS = "\"Foodit/Preview Content\"";
				DEVELOPMENT_TEAM = X72JH3LXAV;
				ENABLE_PREVIEWS = YES;
				GENERATE_INFOPLIST_FILE = YES;
				INFOPLIST_FILE = Foodit/Info.plist;
				INFOPLIST_KEY_NSLocationAlwaysAndWhenInUseUsageDescription = "앱이 실행 중일 때 더 나은 서비스를 제공하기 위해 사용자의 위치 정보에 접근합니다.";
				INFOPLIST_KEY_NSLocationWhenInUseUsageDescription = "앱이 실행 중일 때 더 나은 서비스를 제공하기 위해 사용자의 위치 정보에 접근합니다.";
				INFOPLIST_KEY_UIApplicationSceneManifest_Generation = YES;
				INFOPLIST_KEY_UIApplicationSupportsIndirectInputEvents = YES;
				INFOPLIST_KEY_UILaunchScreen_Generation = YES;
				INFOPLIST_KEY_UISupportedInterfaceOrientations_iPad = "UIInterfaceOrientationPortrait UIInterfaceOrientationPortraitUpsideDown UIInterfaceOrientationLandscapeLeft UIInterfaceOrientationLandscapeRight";
				INFOPLIST_KEY_UISupportedInterfaceOrientations_iPhone = "UIInterfaceOrientationPortrait UIInterfaceOrientationLandscapeLeft UIInterfaceOrientationLandscapeRight";
				LD_RUNPATH_SEARCH_PATHS = (
					"$(inherited)",
					"@executable_path/Frameworks",
				);
				MARKETING_VERSION = 1.0;
				PRODUCT_BUNDLE_IDENTIFIER = com.swift.Foodit;
				PRODUCT_NAME = "$(TARGET_NAME)";
				SWIFT_EMIT_LOC_STRINGS = YES;
				SWIFT_VERSION = 5.0;
				TARGETED_DEVICE_FAMILY = "1,2";
			};
			name = Debug;
		};
		C8094D842C254701002EA6CA /* Release */ = {
			isa = XCBuildConfiguration;
			baseConfigurationReference = 05EA38F373861FDFA3AB8787 /* Pods-Foodit.release.xcconfig */;
			buildSettings = {
				ASSETCATALOG_COMPILER_APPICON_NAME = AppIcon;
				ASSETCATALOG_COMPILER_GLOBAL_ACCENT_COLOR_NAME = AccentColor;
				CODE_SIGN_STYLE = Automatic;
				CURRENT_PROJECT_VERSION = 1;
				DEVELOPMENT_ASSET_PATHS = "\"Foodit/Preview Content\"";
				DEVELOPMENT_TEAM = X72JH3LXAV;
				ENABLE_PREVIEWS = YES;
				GENERATE_INFOPLIST_FILE = YES;
				INFOPLIST_FILE = Foodit/Info.plist;
				INFOPLIST_KEY_NSLocationAlwaysAndWhenInUseUsageDescription = "앱이 실행 중일 때 더 나은 서비스를 제공하기 위해 사용자의 위치 정보에 접근합니다.";
				INFOPLIST_KEY_NSLocationWhenInUseUsageDescription = "앱이 실행 중일 때 더 나은 서비스를 제공하기 위해 사용자의 위치 정보에 접근합니다.";
				INFOPLIST_KEY_UIApplicationSceneManifest_Generation = YES;
				INFOPLIST_KEY_UIApplicationSupportsIndirectInputEvents = YES;
				INFOPLIST_KEY_UILaunchScreen_Generation = YES;
				INFOPLIST_KEY_UISupportedInterfaceOrientations_iPad = "UIInterfaceOrientationPortrait UIInterfaceOrientationPortraitUpsideDown UIInterfaceOrientationLandscapeLeft UIInterfaceOrientationLandscapeRight";
				INFOPLIST_KEY_UISupportedInterfaceOrientations_iPhone = "UIInterfaceOrientationPortrait UIInterfaceOrientationLandscapeLeft UIInterfaceOrientationLandscapeRight";
				LD_RUNPATH_SEARCH_PATHS = (
					"$(inherited)",
					"@executable_path/Frameworks",
				);
				MARKETING_VERSION = 1.0;
				PRODUCT_BUNDLE_IDENTIFIER = com.swift.Foodit;
				PRODUCT_NAME = "$(TARGET_NAME)";
				SWIFT_EMIT_LOC_STRINGS = YES;
				SWIFT_VERSION = 5.0;
				TARGETED_DEVICE_FAMILY = "1,2";
			};
			name = Release;
		};
/* End XCBuildConfiguration section */

/* Begin XCConfigurationList section */
		C8094D6F2C254700002EA6CA /* Build configuration list for PBXProject "Foodit" */ = {
			isa = XCConfigurationList;
			buildConfigurations = (
				C8094D802C254701002EA6CA /* Debug */,
				C8094D812C254701002EA6CA /* Release */,
			);
			defaultConfigurationIsVisible = 0;
			defaultConfigurationName = Release;
		};
		C8094D822C254701002EA6CA /* Build configuration list for PBXNativeTarget "Foodit" */ = {
			isa = XCConfigurationList;
			buildConfigurations = (
				C8094D832C254701002EA6CA /* Debug */,
				C8094D842C254701002EA6CA /* Release */,
			);
			defaultConfigurationIsVisible = 0;
			defaultConfigurationName = Release;
		};
/* End XCConfigurationList section */
	};
	rootObject = C8094D6C2C254700002EA6CA /* Project object */;
}
