// !$*UTF8*$!
{
	archiveVersion = 1;
	classes = {
	};
	objectVersion = 56;
	objects = {

/* Begin PBXBuildFile section */
		C80CDC212C27D426009B1690 /* Coordinator.swift in Sources */ = {isa = PBXBuildFile; fileRef = C80CDC202C27D426009B1690 /* Coordinator.swift */; };
		C80CDC232C27D43E009B1690 /* FireStoreManager.swift in Sources */ = {isa = PBXBuildFile; fileRef = C80CDC222C27D43E009B1690 /* FireStoreManager.swift */; };
		C80CDC252C27D4A1009B1690 /* ConnectWithPython.swift in Sources */ = {isa = PBXBuildFile; fileRef = C80CDC242C27D4A1009B1690 /* ConnectWithPython.swift */; };
		C80CDC272C27D4B2009B1690 /* Python.swift in Sources */ = {isa = PBXBuildFile; fileRef = C80CDC262C27D4B2009B1690 /* Python.swift */; };
		C847C0C92C28406D00BF9C43 /* BottomSheet.swift in Sources */ = {isa = PBXBuildFile; fileRef = C847C0C82C28406D00BF9C43 /* BottomSheet.swift */; };
		C88A284D2C27D7E6002AA7FD /* ModalPopup.swift in Sources */ = {isa = PBXBuildFile; fileRef = C88A284C2C27D7E6002AA7FD /* ModalPopup.swift */; };
		C88A284F2C27DC72002AA7FD /* Detail.swift in Sources */ = {isa = PBXBuildFile; fileRef = C88A284E2C27DC72002AA7FD /* Detail.swift */; };
		C8BD4C3A2C27D0C6008B08C0 /* FooditApp.swift in Sources */ = {isa = PBXBuildFile; fileRef = C8BD4C392C27D0C6008B08C0 /* FooditApp.swift */; };
		C8BD4C3C2C27D0C6008B08C0 /* PostView.swift in Sources */ = {isa = PBXBuildFile; fileRef = C8BD4C3B2C27D0C6008B08C0 /* PostView.swift */; };
		C8BD4C3E2C27D0C7008B08C0 /* Assets.xcassets in Resources */ = {isa = PBXBuildFile; fileRef = C8BD4C3D2C27D0C7008B08C0 /* Assets.xcassets */; };
		C8BD4C412C27D0C7008B08C0 /* Preview Assets.xcassets in Resources */ = {isa = PBXBuildFile; fileRef = C8BD4C402C27D0C7008B08C0 /* Preview Assets.xcassets */; };
		C8BD4C4D2C27D117008B08C0 /* PostQuery.swift in Sources */ = {isa = PBXBuildFile; fileRef = C8BD4C4C2C27D117008B08C0 /* PostQuery.swift */; };
		C8BD4C4F2C27D124008B08C0 /* Post.swift in Sources */ = {isa = PBXBuildFile; fileRef = C8BD4C4E2C27D124008B08C0 /* Post.swift */; };
		C8BD4C542C27D2C6008B08C0 /* MainTabView.swift in Sources */ = {isa = PBXBuildFile; fileRef = C8BD4C532C27D2C6008B08C0 /* MainTabView.swift */; };
		C8BD4C562C27D2E4008B08C0 /* MainMapView.swift in Sources */ = {isa = PBXBuildFile; fileRef = C8BD4C552C27D2E4008B08C0 /* MainMapView.swift */; };
		C8BD4C592C27D2F9008B08C0 /* NaverMap.swift in Sources */ = {isa = PBXBuildFile; fileRef = C8BD4C582C27D2F9008B08C0 /* NaverMap.swift */; };
		C8FF583D2C29662C001F65F8 /* MapDetail.swift in Sources */ = {isa = PBXBuildFile; fileRef = C8FF583C2C29662C001F65F8 /* MapDetail.swift */; };
		C8FF583F2C296AFD001F65F8 /* MapDetailModel.swift in Sources */ = {isa = PBXBuildFile; fileRef = C8FF583E2C296AFD001F65F8 /* MapDetailModel.swift */; };
		C8FF58412C296B51001F65F8 /* MapDetailQuery.swift in Sources */ = {isa = PBXBuildFile; fileRef = C8FF58402C296B51001F65F8 /* MapDetailQuery.swift */; };
		E271FC6AF1B1013DA74F918E /* Pods_Foodit.framework in Frameworks */ = {isa = PBXBuildFile; fileRef = 1F3B0317179264C19E3E9EDA /* Pods_Foodit.framework */; };
/* End PBXBuildFile section */

/* Begin PBXFileReference section */
		1F3B0317179264C19E3E9EDA /* Pods_Foodit.framework */ = {isa = PBXFileReference; explicitFileType = wrapper.framework; includeInIndex = 0; path = Pods_Foodit.framework; sourceTree = BUILT_PRODUCTS_DIR; };
		AC678805025EC81E87D2B74B /* Pods-Foodit.debug.xcconfig */ = {isa = PBXFileReference; includeInIndex = 1; lastKnownFileType = text.xcconfig; name = "Pods-Foodit.debug.xcconfig"; path = "Target Support Files/Pods-Foodit/Pods-Foodit.debug.xcconfig"; sourceTree = "<group>"; };
		C80CDC1F2C27D3FA009B1690 /* Info.plist */ = {isa = PBXFileReference; lastKnownFileType = text.plist; path = Info.plist; sourceTree = "<group>"; };
		C80CDC202C27D426009B1690 /* Coordinator.swift */ = {isa = PBXFileReference; lastKnownFileType = sourcecode.swift; path = Coordinator.swift; sourceTree = "<group>"; };
		C80CDC222C27D43E009B1690 /* FireStoreManager.swift */ = {isa = PBXFileReference; lastKnownFileType = sourcecode.swift; path = FireStoreManager.swift; sourceTree = "<group>"; };
		C80CDC242C27D4A1009B1690 /* ConnectWithPython.swift */ = {isa = PBXFileReference; lastKnownFileType = sourcecode.swift; path = ConnectWithPython.swift; sourceTree = "<group>"; };
		C80CDC262C27D4B2009B1690 /* Python.swift */ = {isa = PBXFileReference; lastKnownFileType = sourcecode.swift; path = Python.swift; sourceTree = "<group>"; };
		C847C0C82C28406D00BF9C43 /* BottomSheet.swift */ = {isa = PBXFileReference; lastKnownFileType = sourcecode.swift; path = BottomSheet.swift; sourceTree = "<group>"; };
		C88A284C2C27D7E6002AA7FD /* ModalPopup.swift */ = {isa = PBXFileReference; lastKnownFileType = sourcecode.swift; path = ModalPopup.swift; sourceTree = "<group>"; };
		C88A284E2C27DC72002AA7FD /* Detail.swift */ = {isa = PBXFileReference; lastKnownFileType = sourcecode.swift; path = Detail.swift; sourceTree = "<group>"; };
		C8BD4C362C27D0C6008B08C0 /* Foodit.app */ = {isa = PBXFileReference; explicitFileType = wrapper.application; includeInIndex = 0; path = Foodit.app; sourceTree = BUILT_PRODUCTS_DIR; };
		C8BD4C392C27D0C6008B08C0 /* FooditApp.swift */ = {isa = PBXFileReference; lastKnownFileType = sourcecode.swift; path = FooditApp.swift; sourceTree = "<group>"; };
		C8BD4C3B2C27D0C6008B08C0 /* PostView.swift */ = {isa = PBXFileReference; lastKnownFileType = sourcecode.swift; path = PostView.swift; sourceTree = "<group>"; };
		C8BD4C3D2C27D0C7008B08C0 /* Assets.xcassets */ = {isa = PBXFileReference; lastKnownFileType = folder.assetcatalog; path = Assets.xcassets; sourceTree = "<group>"; };
		C8BD4C402C27D0C7008B08C0 /* Preview Assets.xcassets */ = {isa = PBXFileReference; lastKnownFileType = folder.assetcatalog; path = "Preview Assets.xcassets"; sourceTree = "<group>"; };
		C8BD4C4C2C27D117008B08C0 /* PostQuery.swift */ = {isa = PBXFileReference; lastKnownFileType = sourcecode.swift; path = PostQuery.swift; sourceTree = "<group>"; };
		C8BD4C4E2C27D124008B08C0 /* Post.swift */ = {isa = PBXFileReference; lastKnownFileType = sourcecode.swift; path = Post.swift; sourceTree = "<group>"; };
		C8BD4C532C27D2C6008B08C0 /* MainTabView.swift */ = {isa = PBXFileReference; lastKnownFileType = sourcecode.swift; path = MainTabView.swift; sourceTree = "<group>"; };
		C8BD4C552C27D2E4008B08C0 /* MainMapView.swift */ = {isa = PBXFileReference; lastKnownFileType = sourcecode.swift; path = MainMapView.swift; sourceTree = "<group>"; };
		C8BD4C582C27D2F9008B08C0 /* NaverMap.swift */ = {isa = PBXFileReference; lastKnownFileType = sourcecode.swift; path = NaverMap.swift; sourceTree = "<group>"; };
		C8FF583C2C29662C001F65F8 /* MapDetail.swift */ = {isa = PBXFileReference; lastKnownFileType = sourcecode.swift; path = MapDetail.swift; sourceTree = "<group>"; };
		C8FF583E2C296AFD001F65F8 /* MapDetailModel.swift */ = {isa = PBXFileReference; lastKnownFileType = sourcecode.swift; path = MapDetailModel.swift; sourceTree = "<group>"; };
		C8FF58402C296B51001F65F8 /* MapDetailQuery.swift */ = {isa = PBXFileReference; lastKnownFileType = sourcecode.swift; path = MapDetailQuery.swift; sourceTree = "<group>"; };
		D92D9C58D2627A9E70C006CC /* Pods-Foodit.release.xcconfig */ = {isa = PBXFileReference; includeInIndex = 1; lastKnownFileType = text.xcconfig; name = "Pods-Foodit.release.xcconfig"; path = "Target Support Files/Pods-Foodit/Pods-Foodit.release.xcconfig"; sourceTree = "<group>"; };
/* End PBXFileReference section */

/* Begin PBXFrameworksBuildPhase section */
		C8BD4C332C27D0C6008B08C0 /* Frameworks */ = {
			isa = PBXFrameworksBuildPhase;
			buildActionMask = 2147483647;
			files = (
				E271FC6AF1B1013DA74F918E /* Pods_Foodit.framework in Frameworks */,
			);
			runOnlyForDeploymentPostprocessing = 0;
		};
/* End PBXFrameworksBuildPhase section */

/* Begin PBXGroup section */
		95D4BE330D83BDCCA912D972 /* Frameworks */ = {
			isa = PBXGroup;
			children = (
				1F3B0317179264C19E3E9EDA /* Pods_Foodit.framework */,
			);
			name = Frameworks;
			sourceTree = "<group>";
		};
		C8BD4C2D2C27D0C6008B08C0 = {
			isa = PBXGroup;
			children = (
				C8BD4C382C27D0C6008B08C0 /* Foodit */,
				C8BD4C372C27D0C6008B08C0 /* Products */,
				E7A1827E8620B39F4763CDA5 /* Pods */,
				95D4BE330D83BDCCA912D972 /* Frameworks */,
			);
			sourceTree = "<group>";
		};
		C8BD4C372C27D0C6008B08C0 /* Products */ = {
			isa = PBXGroup;
			children = (
				C8BD4C362C27D0C6008B08C0 /* Foodit.app */,
			);
			name = Products;
			sourceTree = "<group>";
		};
		C8BD4C382C27D0C6008B08C0 /* Foodit */ = {
			isa = PBXGroup;
			children = (
				C80CDC1F2C27D3FA009B1690 /* Info.plist */,
				C8BD4C492C27D0D9008B08C0 /* View */,
				C8BD4C482C27D0D4008B08C0 /* Model */,
				C8BD4C472C27D0D1008B08C0 /* VM */,
				C8BD4C392C27D0C6008B08C0 /* FooditApp.swift */,
				C8BD4C3D2C27D0C7008B08C0 /* Assets.xcassets */,
				C8BD4C3F2C27D0C7008B08C0 /* Preview Content */,
			);
			path = Foodit;
			sourceTree = "<group>";
		};
		C8BD4C3F2C27D0C7008B08C0 /* Preview Content */ = {
			isa = PBXGroup;
			children = (
				C8BD4C402C27D0C7008B08C0 /* Preview Assets.xcassets */,
			);
			path = "Preview Content";
			sourceTree = "<group>";
		};
		C8BD4C472C27D0D1008B08C0 /* VM */ = {
			isa = PBXGroup;
			children = (
				C8BD4C572C27D2F4008B08C0 /* Map */,
				C8BD4C4C2C27D117008B08C0 /* PostQuery.swift */,
				C80CDC242C27D4A1009B1690 /* ConnectWithPython.swift */,
			);
			path = VM;
			sourceTree = "<group>";
		};
		C8BD4C482C27D0D4008B08C0 /* Model */ = {
			isa = PBXGroup;
			children = (
				C8BD4C4E2C27D124008B08C0 /* Post.swift */,
				C8FF583E2C296AFD001F65F8 /* MapDetailModel.swift */,
				C80CDC262C27D4B2009B1690 /* Python.swift */,
			);
			path = Model;
			sourceTree = "<group>";
		};
		C8BD4C492C27D0D9008B08C0 /* View */ = {
			isa = PBXGroup;
			children = (
				C8BD4C522C27D2BB008B08C0 /* Tab */,
				C8BD4C4B2C27D0E3008B08C0 /* Post */,
				C8BD4C4A2C27D0E0008B08C0 /* Map */,
			);
			path = View;
			sourceTree = "<group>";
		};
		C8BD4C4A2C27D0E0008B08C0 /* Map */ = {
			isa = PBXGroup;
			children = (
				C8FF583C2C29662C001F65F8 /* MapDetail.swift */,
				C8BD4C552C27D2E4008B08C0 /* MainMapView.swift */,
			);
			path = Map;
			sourceTree = "<group>";
		};
		C8BD4C4B2C27D0E3008B08C0 /* Post */ = {
			isa = PBXGroup;
			children = (
				C8BD4C3B2C27D0C6008B08C0 /* PostView.swift */,
				C88A284C2C27D7E6002AA7FD /* ModalPopup.swift */,
				C88A284E2C27DC72002AA7FD /* Detail.swift */,
				C847C0C82C28406D00BF9C43 /* BottomSheet.swift */,
			);
			path = Post;
			sourceTree = "<group>";
		};
		C8BD4C522C27D2BB008B08C0 /* Tab */ = {
			isa = PBXGroup;
			children = (
				C8BD4C532C27D2C6008B08C0 /* MainTabView.swift */,
			);
			path = Tab;
			sourceTree = "<group>";
		};
		C8BD4C572C27D2F4008B08C0 /* Map */ = {
			isa = PBXGroup;
			children = (
				C8BD4C582C27D2F9008B08C0 /* NaverMap.swift */,
				C80CDC202C27D426009B1690 /* Coordinator.swift */,
				C80CDC222C27D43E009B1690 /* FireStoreManager.swift */,
				C8FF58402C296B51001F65F8 /* MapDetailQuery.swift */,
			);
			path = Map;
			sourceTree = "<group>";
		};
		E7A1827E8620B39F4763CDA5 /* Pods */ = {
			isa = PBXGroup;
			children = (
				AC678805025EC81E87D2B74B /* Pods-Foodit.debug.xcconfig */,
				D92D9C58D2627A9E70C006CC /* Pods-Foodit.release.xcconfig */,
			);
			path = Pods;
			sourceTree = "<group>";
		};
/* End PBXGroup section */

/* Begin PBXNativeTarget section */
		C8BD4C352C27D0C6008B08C0 /* Foodit */ = {
			isa = PBXNativeTarget;
			buildConfigurationList = C8BD4C442C27D0C7008B08C0 /* Build configuration list for PBXNativeTarget "Foodit" */;
			buildPhases = (
				C6CA6DEE202C5A7C955C98A3 /* [CP] Check Pods Manifest.lock */,
				C8BD4C322C27D0C6008B08C0 /* Sources */,
				C8BD4C332C27D0C6008B08C0 /* Frameworks */,
				C8BD4C342C27D0C6008B08C0 /* Resources */,
				192456C4C82F11B1536482BD /* [CP] Embed Pods Frameworks */,
			);
			buildRules = (
			);
			dependencies = (
			);
			name = Foodit;
			productName = Foodit;
			productReference = C8BD4C362C27D0C6008B08C0 /* Foodit.app */;
			productType = "com.apple.product-type.application";
		};
/* End PBXNativeTarget section */

/* Begin PBXProject section */
		C8BD4C2E2C27D0C6008B08C0 /* Project object */ = {
			isa = PBXProject;
			attributes = {
				BuildIndependentTargetsInParallel = 1;
				LastSwiftUpdateCheck = 1540;
				LastUpgradeCheck = 1540;
				TargetAttributes = {
					C8BD4C352C27D0C6008B08C0 = {
						CreatedOnToolsVersion = 15.4;
					};
				};
			};
			buildConfigurationList = C8BD4C312C27D0C6008B08C0 /* Build configuration list for PBXProject "Foodit" */;
			compatibilityVersion = "Xcode 14.0";
			developmentRegion = ko;
			hasScannedForEncodings = 0;
			knownRegions = (
				en,
				Base,
				ko,
			);
			mainGroup = C8BD4C2D2C27D0C6008B08C0;
			productRefGroup = C8BD4C372C27D0C6008B08C0 /* Products */;
			projectDirPath = "";
			projectRoot = "";
			targets = (
				C8BD4C352C27D0C6008B08C0 /* Foodit */,
			);
		};
/* End PBXProject section */

/* Begin PBXResourcesBuildPhase section */
		C8BD4C342C27D0C6008B08C0 /* Resources */ = {
			isa = PBXResourcesBuildPhase;
			buildActionMask = 2147483647;
			files = (
				C8BD4C412C27D0C7008B08C0 /* Preview Assets.xcassets in Resources */,
				C8BD4C3E2C27D0C7008B08C0 /* Assets.xcassets in Resources */,
			);
			runOnlyForDeploymentPostprocessing = 0;
		};
/* End PBXResourcesBuildPhase section */

/* Begin PBXShellScriptBuildPhase section */
		192456C4C82F11B1536482BD /* [CP] Embed Pods Frameworks */ = {
			isa = PBXShellScriptBuildPhase;
			buildActionMask = 2147483647;
			files = (
			);
			inputFileListPaths = (
				"${PODS_ROOT}/Target Support Files/Pods-Foodit/Pods-Foodit-frameworks-${CONFIGURATION}-input-files.xcfilelist",
			);
			name = "[CP] Embed Pods Frameworks";
			outputFileListPaths = (
				"${PODS_ROOT}/Target Support Files/Pods-Foodit/Pods-Foodit-frameworks-${CONFIGURATION}-output-files.xcfilelist",
			);
			runOnlyForDeploymentPostprocessing = 0;
			shellPath = /bin/sh;
			shellScript = "\"${PODS_ROOT}/Target Support Files/Pods-Foodit/Pods-Foodit-frameworks.sh\"\n";
			showEnvVarsInLog = 0;
		};
		C6CA6DEE202C5A7C955C98A3 /* [CP] Check Pods Manifest.lock */ = {
			isa = PBXShellScriptBuildPhase;
			buildActionMask = 2147483647;
			files = (
			);
			inputFileListPaths = (
			);
			inputPaths = (
				"${PODS_PODFILE_DIR_PATH}/Podfile.lock",
				"${PODS_ROOT}/Manifest.lock",
			);
			name = "[CP] Check Pods Manifest.lock";
			outputFileListPaths = (
			);
			outputPaths = (
				"$(DERIVED_FILE_DIR)/Pods-Foodit-checkManifestLockResult.txt",
			);
			runOnlyForDeploymentPostprocessing = 0;
			shellPath = /bin/sh;
			shellScript = "diff \"${PODS_PODFILE_DIR_PATH}/Podfile.lock\" \"${PODS_ROOT}/Manifest.lock\" > /dev/null\nif [ $? != 0 ] ; then\n    # print error to STDERR\n    echo \"error: The sandbox is not in sync with the Podfile.lock. Run 'pod install' or update your CocoaPods installation.\" >&2\n    exit 1\nfi\n# This output is used by Xcode 'outputs' to avoid re-running this script phase.\necho \"SUCCESS\" > \"${SCRIPT_OUTPUT_FILE_0}\"\n";
			showEnvVarsInLog = 0;
		};
/* End PBXShellScriptBuildPhase section */

/* Begin PBXSourcesBuildPhase section */
		C8BD4C322C27D0C6008B08C0 /* Sources */ = {
			isa = PBXSourcesBuildPhase;
			buildActionMask = 2147483647;
			files = (
				C8BD4C3C2C27D0C6008B08C0 /* PostView.swift in Sources */,
				C8BD4C562C27D2E4008B08C0 /* MainMapView.swift in Sources */,
				C847C0C92C28406D00BF9C43 /* BottomSheet.swift in Sources */,
				C8BD4C4D2C27D117008B08C0 /* PostQuery.swift in Sources */,
				C80CDC232C27D43E009B1690 /* FireStoreManager.swift in Sources */,
				C8BD4C592C27D2F9008B08C0 /* NaverMap.swift in Sources */,
				C80CDC272C27D4B2009B1690 /* Python.swift in Sources */,
				C8FF58412C296B51001F65F8 /* MapDetailQuery.swift in Sources */,
				C8FF583F2C296AFD001F65F8 /* MapDetailModel.swift in Sources */,
				C8BD4C3A2C27D0C6008B08C0 /* FooditApp.swift in Sources */,
				C8BD4C542C27D2C6008B08C0 /* MainTabView.swift in Sources */,
				C8FF583D2C29662C001F65F8 /* MapDetail.swift in Sources */,
				C80CDC252C27D4A1009B1690 /* ConnectWithPython.swift in Sources */,
				C88A284D2C27D7E6002AA7FD /* ModalPopup.swift in Sources */,
				C8BD4C4F2C27D124008B08C0 /* Post.swift in Sources */,
				C80CDC212C27D426009B1690 /* Coordinator.swift in Sources */,
				C88A284F2C27DC72002AA7FD /* Detail.swift in Sources */,
			);
			runOnlyForDeploymentPostprocessing = 0;
		};
/* End PBXSourcesBuildPhase section */

/* Begin XCBuildConfiguration section */
		C8BD4C422C27D0C7008B08C0 /* Debug */ = {
			isa = XCBuildConfiguration;
			buildSettings = {
				ALWAYS_SEARCH_USER_PATHS = NO;
				ASSETCATALOG_COMPILER_GENERATE_SWIFT_ASSET_SYMBOL_EXTENSIONS = YES;
				CLANG_ANALYZER_NONNULL = YES;
				CLANG_ANALYZER_NUMBER_OBJECT_CONVERSION = YES_AGGRESSIVE;
				CLANG_CXX_LANGUAGE_STANDARD = "gnu++20";
				CLANG_ENABLE_MODULES = YES;
				CLANG_ENABLE_OBJC_ARC = YES;
				CLANG_ENABLE_OBJC_WEAK = YES;
				CLANG_WARN_BLOCK_CAPTURE_AUTORELEASING = YES;
				CLANG_WARN_BOOL_CONVERSION = YES;
				CLANG_WARN_COMMA = YES;
				CLANG_WARN_CONSTANT_CONVERSION = YES;
				CLANG_WARN_DEPRECATED_OBJC_IMPLEMENTATIONS = YES;
				CLANG_WARN_DIRECT_OBJC_ISA_USAGE = YES_ERROR;
				CLANG_WARN_DOCUMENTATION_COMMENTS = YES;
				CLANG_WARN_EMPTY_BODY = YES;
				CLANG_WARN_ENUM_CONVERSION = YES;
				CLANG_WARN_INFINITE_RECURSION = YES;
				CLANG_WARN_INT_CONVERSION = YES;
				CLANG_WARN_NON_LITERAL_NULL_CONVERSION = YES;
				CLANG_WARN_OBJC_IMPLICIT_RETAIN_SELF = YES;
				CLANG_WARN_OBJC_LITERAL_CONVERSION = YES;
				CLANG_WARN_OBJC_ROOT_CLASS = YES_ERROR;
				CLANG_WARN_QUOTED_INCLUDE_IN_FRAMEWORK_HEADER = YES;
				CLANG_WARN_RANGE_LOOP_ANALYSIS = YES;
				CLANG_WARN_STRICT_PROTOTYPES = YES;
				CLANG_WARN_SUSPICIOUS_MOVE = YES;
				CLANG_WARN_UNGUARDED_AVAILABILITY = YES_AGGRESSIVE;
				CLANG_WARN_UNREACHABLE_CODE = YES;
				CLANG_WARN__DUPLICATE_METHOD_MATCH = YES;
				COPY_PHASE_STRIP = NO;
				DEBUG_INFORMATION_FORMAT = dwarf;
				ENABLE_STRICT_OBJC_MSGSEND = YES;
				ENABLE_TESTABILITY = YES;
				ENABLE_USER_SCRIPT_SANDBOXING = NO;
				GCC_C_LANGUAGE_STANDARD = gnu17;
				GCC_DYNAMIC_NO_PIC = NO;
				GCC_NO_COMMON_BLOCKS = YES;
				GCC_OPTIMIZATION_LEVEL = 0;
				GCC_PREPROCESSOR_DEFINITIONS = (
					"DEBUG=1",
					"$(inherited)",
				);
				GCC_WARN_64_TO_32_BIT_CONVERSION = YES;
				GCC_WARN_ABOUT_RETURN_TYPE = YES_ERROR;
				GCC_WARN_UNDECLARED_SELECTOR = YES;
				GCC_WARN_UNINITIALIZED_AUTOS = YES_AGGRESSIVE;
				GCC_WARN_UNUSED_FUNCTION = YES;
				GCC_WARN_UNUSED_VARIABLE = YES;
				IPHONEOS_DEPLOYMENT_TARGET = 17.5;
				LOCALIZATION_PREFERS_STRING_CATALOGS = YES;
				MTL_ENABLE_DEBUG_INFO = INCLUDE_SOURCE;
				MTL_FAST_MATH = YES;
				ONLY_ACTIVE_ARCH = YES;
				SDKROOT = iphoneos;
				SWIFT_ACTIVE_COMPILATION_CONDITIONS = "DEBUG $(inherited)";
				SWIFT_OPTIMIZATION_LEVEL = "-Onone";
			};
			name = Debug;
		};
		C8BD4C432C27D0C7008B08C0 /* Release */ = {
			isa = XCBuildConfiguration;
			buildSettings = {
				ALWAYS_SEARCH_USER_PATHS = NO;
				ASSETCATALOG_COMPILER_GENERATE_SWIFT_ASSET_SYMBOL_EXTENSIONS = YES;
				CLANG_ANALYZER_NONNULL = YES;
				CLANG_ANALYZER_NUMBER_OBJECT_CONVERSION = YES_AGGRESSIVE;
				CLANG_CXX_LANGUAGE_STANDARD = "gnu++20";
				CLANG_ENABLE_MODULES = YES;
				CLANG_ENABLE_OBJC_ARC = YES;
				CLANG_ENABLE_OBJC_WEAK = YES;
				CLANG_WARN_BLOCK_CAPTURE_AUTORELEASING = YES;
				CLANG_WARN_BOOL_CONVERSION = YES;
				CLANG_WARN_COMMA = YES;
				CLANG_WARN_CONSTANT_CONVERSION = YES;
				CLANG_WARN_DEPRECATED_OBJC_IMPLEMENTATIONS = YES;
				CLANG_WARN_DIRECT_OBJC_ISA_USAGE = YES_ERROR;
				CLANG_WARN_DOCUMENTATION_COMMENTS = YES;
				CLANG_WARN_EMPTY_BODY = YES;
				CLANG_WARN_ENUM_CONVERSION = YES;
				CLANG_WARN_INFINITE_RECURSION = YES;
				CLANG_WARN_INT_CONVERSION = YES;
				CLANG_WARN_NON_LITERAL_NULL_CONVERSION = YES;
				CLANG_WARN_OBJC_IMPLICIT_RETAIN_SELF = YES;
				CLANG_WARN_OBJC_LITERAL_CONVERSION = YES;
				CLANG_WARN_OBJC_ROOT_CLASS = YES_ERROR;
				CLANG_WARN_QUOTED_INCLUDE_IN_FRAMEWORK_HEADER = YES;
				CLANG_WARN_RANGE_LOOP_ANALYSIS = YES;
				CLANG_WARN_STRICT_PROTOTYPES = YES;
				CLANG_WARN_SUSPICIOUS_MOVE = YES;
				CLANG_WARN_UNGUARDED_AVAILABILITY = YES_AGGRESSIVE;
				CLANG_WARN_UNREACHABLE_CODE = YES;
				CLANG_WARN__DUPLICATE_METHOD_MATCH = YES;
				COPY_PHASE_STRIP = NO;
				DEBUG_INFORMATION_FORMAT = "dwarf-with-dsym";
				ENABLE_NS_ASSERTIONS = NO;
				ENABLE_STRICT_OBJC_MSGSEND = YES;
				ENABLE_USER_SCRIPT_SANDBOXING = NO;
				GCC_C_LANGUAGE_STANDARD = gnu17;
				GCC_NO_COMMON_BLOCKS = YES;
				GCC_WARN_64_TO_32_BIT_CONVERSION = YES;
				GCC_WARN_ABOUT_RETURN_TYPE = YES_ERROR;
				GCC_WARN_UNDECLARED_SELECTOR = YES;
				GCC_WARN_UNINITIALIZED_AUTOS = YES_AGGRESSIVE;
				GCC_WARN_UNUSED_FUNCTION = YES;
				GCC_WARN_UNUSED_VARIABLE = YES;
				IPHONEOS_DEPLOYMENT_TARGET = 17.5;
				LOCALIZATION_PREFERS_STRING_CATALOGS = YES;
				MTL_ENABLE_DEBUG_INFO = NO;
				MTL_FAST_MATH = YES;
				SDKROOT = iphoneos;
				SWIFT_COMPILATION_MODE = wholemodule;
				VALIDATE_PRODUCT = YES;
			};
			name = Release;
		};
		C8BD4C452C27D0C7008B08C0 /* Debug */ = {
			isa = XCBuildConfiguration;
			baseConfigurationReference = AC678805025EC81E87D2B74B /* Pods-Foodit.debug.xcconfig */;
			buildSettings = {
				ASSETCATALOG_COMPILER_APPICON_NAME = AppIcon;
				ASSETCATALOG_COMPILER_GLOBAL_ACCENT_COLOR_NAME = AccentColor;
				CODE_SIGN_STYLE = Automatic;
				CURRENT_PROJECT_VERSION = 1;
				DEVELOPMENT_ASSET_PATHS = "\"Foodit/Preview Content\"";
				DEVELOPMENT_TEAM = X72JH3LXAV;
				ENABLE_PREVIEWS = YES;
				GENERATE_INFOPLIST_FILE = YES;
				INFOPLIST_FILE = Foodit/Info.plist;
				INFOPLIST_KEY_NSLocationAlwaysAndWhenInUseUsageDescription = "앱이 실행 중일 때 더 나은 서비스를 제공하기 위해 사용자의 위치 정보에 접근합니다.";
				INFOPLIST_KEY_NSLocationWhenInUseUsageDescription = "앱이 실행 중일 때 더 나은 서비스를 제공하기 위해 사용자의 위치 정보에 접근합니다.";
				INFOPLIST_KEY_UIApplicationSceneManifest_Generation = YES;
				INFOPLIST_KEY_UIApplicationSupportsIndirectInputEvents = YES;
				INFOPLIST_KEY_UILaunchScreen_Generation = YES;
				INFOPLIST_KEY_UISupportedInterfaceOrientations_iPad = "UIInterfaceOrientationPortrait UIInterfaceOrientationPortraitUpsideDown UIInterfaceOrientationLandscapeLeft UIInterfaceOrientationLandscapeRight";
				INFOPLIST_KEY_UISupportedInterfaceOrientations_iPhone = "UIInterfaceOrientationPortrait UIInterfaceOrientationLandscapeLeft UIInterfaceOrientationLandscapeRight";
				LD_RUNPATH_SEARCH_PATHS = (
					"$(inherited)",
					"@executable_path/Frameworks",
				);
				MARKETING_VERSION = 1.0;
				PRODUCT_BUNDLE_IDENTIFIER = com.swift.Foodit;
				PRODUCT_NAME = "$(TARGET_NAME)";
				SWIFT_EMIT_LOC_STRINGS = YES;
				SWIFT_VERSION = 5.0;
				TARGETED_DEVICE_FAMILY = "1,2";
			};
			name = Debug;
		};
		C8BD4C462C27D0C7008B08C0 /* Release */ = {
			isa = XCBuildConfiguration;
			baseConfigurationReference = D92D9C58D2627A9E70C006CC /* Pods-Foodit.release.xcconfig */;
			buildSettings = {
				ASSETCATALOG_COMPILER_APPICON_NAME = AppIcon;
				ASSETCATALOG_COMPILER_GLOBAL_ACCENT_COLOR_NAME = AccentColor;
				CODE_SIGN_STYLE = Automatic;
				CURRENT_PROJECT_VERSION = 1;
				DEVELOPMENT_ASSET_PATHS = "\"Foodit/Preview Content\"";
				DEVELOPMENT_TEAM = X72JH3LXAV;
				ENABLE_PREVIEWS = YES;
				GENERATE_INFOPLIST_FILE = YES;
				INFOPLIST_FILE = Foodit/Info.plist;
				INFOPLIST_KEY_NSLocationAlwaysAndWhenInUseUsageDescription = "앱이 실행 중일 때 더 나은 서비스를 제공하기 위해 사용자의 위치 정보에 접근합니다.";
				INFOPLIST_KEY_NSLocationWhenInUseUsageDescription = "앱이 실행 중일 때 더 나은 서비스를 제공하기 위해 사용자의 위치 정보에 접근합니다.";
				INFOPLIST_KEY_UIApplicationSceneManifest_Generation = YES;
				INFOPLIST_KEY_UIApplicationSupportsIndirectInputEvents = YES;
				INFOPLIST_KEY_UILaunchScreen_Generation = YES;
				INFOPLIST_KEY_UISupportedInterfaceOrientations_iPad = "UIInterfaceOrientationPortrait UIInterfaceOrientationPortraitUpsideDown UIInterfaceOrientationLandscapeLeft UIInterfaceOrientationLandscapeRight";
				INFOPLIST_KEY_UISupportedInterfaceOrientations_iPhone = "UIInterfaceOrientationPortrait UIInterfaceOrientationLandscapeLeft UIInterfaceOrientationLandscapeRight";
				LD_RUNPATH_SEARCH_PATHS = (
					"$(inherited)",
					"@executable_path/Frameworks",
				);
				MARKETING_VERSION = 1.0;
				PRODUCT_BUNDLE_IDENTIFIER = com.swift.Foodit;
				PRODUCT_NAME = "$(TARGET_NAME)";
				SWIFT_EMIT_LOC_STRINGS = YES;
				SWIFT_VERSION = 5.0;
				TARGETED_DEVICE_FAMILY = "1,2";
			};
			name = Release;
		};
/* End XCBuildConfiguration section */

/* Begin XCConfigurationList section */
		C8BD4C312C27D0C6008B08C0 /* Build configuration list for PBXProject "Foodit" */ = {
			isa = XCConfigurationList;
			buildConfigurations = (
				C8BD4C422C27D0C7008B08C0 /* Debug */,
				C8BD4C432C27D0C7008B08C0 /* Release */,
			);
			defaultConfigurationIsVisible = 0;
			defaultConfigurationName = Release;
		};
		C8BD4C442C27D0C7008B08C0 /* Build configuration list for PBXNativeTarget "Foodit" */ = {
			isa = XCConfigurationList;
			buildConfigurations = (
				C8BD4C452C27D0C7008B08C0 /* Debug */,
				C8BD4C462C27D0C7008B08C0 /* Release */,
			);
			defaultConfigurationIsVisible = 0;
			defaultConfigurationName = Release;
		};
/* End XCConfigurationList section */
	};
	rootObject = C8BD4C2E2C27D0C6008B08C0 /* Project object */;
}
